{
  "requires": true,
  "lockfileVersion": 1,
  "dependencies": {
    "simptip": {
      "version": "1.0.4",
      "resolved": "https://registry.npmjs.org/simptip/-/simptip-1.0.4.tgz",
      "integrity": "sha512-2aaLhDADImy74QUXm9E6Ys0Z6ncCktBjRed1G7J56QVA588k6hvBJ51jWghPebzln0WR0UmzD7hAovuhhSXoWA=="
    }
  }
}
